
Microsoft Visual Studio Solution File, Format Version 12.00
# Visual Studio Version 16
VisualStudioVersion = 16.0.30517.126
MinimumVisualStudioVersion = 10.0.40219.1
Project("{8BC9CEB8-8B4A-11D0-8D11-00A0C91BC942}") = "Task1", "Task1\Task1.vcxproj", "{C73184E7-7DC6-4673-A64B-C05CBDDD7FA1}"
EndProject
Project("{8BC9CEB8-8B4A-11D0-8D11-00A0C91BC942}") = "Task2", "Task2\Task2.vcxproj", "{A27F5D3F-437B-4E96-A929-D0B4AB408949}"
EndProject
Global
	GlobalSection(SolutionConfigurationPlatforms) = preSolution
		Debug|x64 = Debug|x64
		Debug|x86 = Debug|x86
		Release|x64 = Release|x64
		Release|x86 = Release|x86
	EndGlobalSection
	GlobalSection(ProjectConfigurationPlatforms) = postSolution
		{C73184E7-7DC6-4673-A64B-C05CBDDD7FA1}.Debug|x64.ActiveCfg = Debug|x64
		{C73184E7-7DC6-4673-A64B-C05CBDDD7FA1}.Debug|x64.Build.0 = Debug|x64
		{C73184E7-7DC6-4673-A64B-C05CBDDD7FA1}.Debug|x86.ActiveCfg = Debug|Win32
		{C73184E7-7DC6-4673-A64B-C05CBDDD7FA1}.Debug|x86.Build.0 = Debug|Win32
		{C73184E7-7DC6-4673-A64B-C05CBDDD7FA1}.Release|x64.ActiveCfg = Release|x64
		{C73184E7-7DC6-4673-A64B-C05CBDDD7FA1}.Release|x64.Build.0 = Release|x64
		{C73184E7-7DC6-4673-A64B-C05CBDDD7FA1}.Release|x86.ActiveCfg = Release|Win32
		{C73184E7-7DC6-4673-A64B-C05CBDDD7FA1}.Release|x86.Build.0 = Release|Win32
		{A27F5D3F-437B-4E96-A929-D0B4AB408949}.Debug|x64.ActiveCfg = Debug|x64
		{A27F5D3F-437B-4E96-A929-D0B4AB408949}.Debug|x64.Build.0 = Debug|x64
		{A27F5D3F-437B-4E96-A929-D0B4AB408949}.Debug|x86.ActiveCfg = Debug|Win32
		{A27F5D3F-437B-4E96-A929-D0B4AB408949}.Debug|x86.Build.0 = Debug|Win32
		{A27F5D3F-437B-4E96-A929-D0B4AB408949}.Release|x64.ActiveCfg = Release|x64
		{A27F5D3F-437B-4E96-A929-D0B4AB408949}.Release|x64.Build.0 = Release|x64
		{A27F5D3F-437B-4E96-A929-D0B4AB408949}.Release|x86.ActiveCfg = Release|Win32
		{A27F5D3F-437B-4E96-A929-D0B4AB408949}.Release|x86.Build.0 = Release|Win32
	EndGlobalSection
	GlobalSection(SolutionProperties) = preSolution
		HideSolutionNode = FALSE
	EndGlobalSection
	GlobalSection(ExtensibilityGlobals) = postSolution
		SolutionGuid = {FA5BA6F3-DDA6-45C9-A8F4-7EBFBD4626B9}
	EndGlobalSection
EndGlobal
